{
  "object": {
    "pins": [
      {
        "package": "KeyboardKit",
        "repositoryURL": "https://github.com/KeyboardKit/KeyboardKit",
        "state": {
          "branch": null,
          "revision": "0a3f2018f9884a6aa846ca0652fdf257bbf3b7ee",
          "version": "4.9.3"
        }
      },
      {
        "package": "URLImage",
        "repositoryURL": "https://github.com/dmytro-anokhin/url-image",
        "state": {
          "branch": null,
          "revision": "4042f955f1fdff00ced85545e1eecdbf969b5cd0",
          "version": "3.1.1"
        }
      }
    ]
  },
  "version": 1
}
