// !$*UTF8*$!
{
	archiveVersion = 1;
	classes = {
	};
	objectVersion = 52;
	objects = {

/* Begin PBXBuildFile section */
		AE1534CB2C336416002EFA88 /* KeyboardKit in Frameworks */ = {isa = PBXBuildFile; productRef = AE1534CA2C336416002EFA88 /* KeyboardKit */; };
		AE1534D72C336AD9002EFA88 /* KeyboardViewController.swift in Sources */ = {isa = PBXBuildFile; fileRef = AE1534D62C336AD9002EFA88 /* KeyboardViewController.swift */; };
		AE1534DB2C336AD9002EFA88 /* mykeyboard.appex in Embed App Extensions */ = {isa = PBXBuildFile; fileRef = AE1534D42C336AD9002EFA88 /* mykeyboard.appex */; settings = {ATTRIBUTES = (RemoveHeadersOnCopy, ); }; };
		AE1534E62C3373CB002EFA88 /* viewkeyboard.swift in Sources */ = {isa = PBXBuildFile; fileRef = AE1534E52C3373CB002EFA88 /* viewkeyboard.swift */; };
		AE1534EC2C3374EC002EFA88 /* viewkeyboard.swift in Sources */ = {isa = PBXBuildFile; fileRef = AE1534E52C3373CB002EFA88 /* viewkeyboard.swift */; };
		AE1534F22C3374F3002EFA88 /* viewkeyboard.swift in Sources */ = {isa = PBXBuildFile; fileRef = AE1534E52C3373CB002EFA88 /* viewkeyboard.swift */; };
		AE1535292C3384C6002EFA88 /* KeyboardViewController.swift in Sources */ = {isa = PBXBuildFile; fileRef = AE1534D62C336AD9002EFA88 /* KeyboardViewController.swift */; };
		AE15352F2C3384CF002EFA88 /* BUTTERFLY_EFFECTApp.swift in Sources */ = {isa = PBXBuildFile; fileRef = AE319E5F2C3279FA00FDFD4C /* BUTTERFLY_EFFECTApp.swift */; };
		AE319E7B2C3279FD00FDFD4C /* Tests_iOS.swift in Sources */ = {isa = PBXBuildFile; fileRef = AE319E7A2C3279FD00FDFD4C /* Tests_iOS.swift */; };
		AE319E862C3279FD00FDFD4C /* Tests_macOS.swift in Sources */ = {isa = PBXBuildFile; fileRef = AE319E852C3279FD00FDFD4C /* Tests_macOS.swift */; };
		AE319E8A2C3279FD00FDFD4C /* ContentView.swift in Sources */ = {isa = PBXBuildFile; fileRef = AE319E602C3279FA00FDFD4C /* ContentView.swift */; };
		AE319E8B2C3279FD00FDFD4C /* ContentView.swift in Sources */ = {isa = PBXBuildFile; fileRef = AE319E602C3279FA00FDFD4C /* ContentView.swift */; };
		AE319E8C2C3279FD00FDFD4C /* Assets.xcassets in Resources */ = {isa = PBXBuildFile; fileRef = AE319E612C3279FD00FDFD4C /* Assets.xcassets */; };
		AE319E8D2C3279FD00FDFD4C /* Assets.xcassets in Resources */ = {isa = PBXBuildFile; fileRef = AE319E612C3279FD00FDFD4C /* Assets.xcassets */; };
		AE319EA42C3285DB00FDFD4C /* URLImage in Frameworks */ = {isa = PBXBuildFile; productRef = AE319EA32C3285DB00FDFD4C /* URLImage */; };
		AE7A5E602C36A3830024B40C /* HomeView.swift in Sources */ = {isa = PBXBuildFile; fileRef = AE7A5E5F2C36A3830024B40C /* HomeView.swift */; };
		AE7A5E772C36A4680024B40C /* HomeView.swift in Sources */ = {isa = PBXBuildFile; fileRef = AE7A5E5F2C36A3830024B40C /* HomeView.swift */; };
		AEC52D7E2C350AC400DC904E /* ContentView.swift in Sources */ = {isa = PBXBuildFile; fileRef = AE319E602C3279FA00FDFD4C /* ContentView.swift */; };
		AEC52D8E2C35163700DC904E /* Assets.xcassets in Resources */ = {isa = PBXBuildFile; fileRef = AE319E612C3279FD00FDFD4C /* Assets.xcassets */; };
/* End PBXBuildFile section */

/* Begin PBXContainerItemProxy section */
		AE1534D92C336AD9002EFA88 /* PBXContainerItemProxy */ = {
			isa = PBXContainerItemProxy;
			containerPortal = AE319E5A2C3279FA00FDFD4C /* Project object */;
			proxyType = 1;
			remoteGlobalIDString = AE1534D32C336AD9002EFA88;
			remoteInfo = mykeyboard;
		};
		AE319E772C3279FD00FDFD4C /* PBXContainerItemProxy */ = {
			isa = PBXContainerItemProxy;
			containerPortal = AE319E5A2C3279FA00FDFD4C /* Project object */;
			proxyType = 1;
			remoteGlobalIDString = AE319E652C3279FD00FDFD4C;
			remoteInfo = "BUTTERFLY-EFFECT (iOS)";
		};
		AE319E822C3279FD00FDFD4C /* PBXContainerItemProxy */ = {
			isa = PBXContainerItemProxy;
			containerPortal = AE319E5A2C3279FA00FDFD4C /* Project object */;
			proxyType = 1;
			remoteGlobalIDString = AE319E6D2C3279FD00FDFD4C;
			remoteInfo = "BUTTERFLY-EFFECT (macOS)";
		};
/* End PBXContainerItemProxy section */

/* Begin PBXCopyFilesBuildPhase section */
		AE1534DF2C336AD9002EFA88 /* Embed App Extensions */ = {
			isa = PBXCopyFilesBuildPhase;
			buildActionMask = 2147483647;
			dstPath = "";
			dstSubfolderSpec = 13;
			files = (
				AE1534DB2C336AD9002EFA88 /* mykeyboard.appex in Embed App Extensions */,
			);
			name = "Embed App Extensions";
			runOnlyForDeploymentPostprocessing = 0;
		};
/* End PBXCopyFilesBuildPhase section */

/* Begin PBXFileReference section */
		AE1534D42C336AD9002EFA88 /* mykeyboard.appex */ = {isa = PBXFileReference; explicitFileType = "wrapper.app-extension"; includeInIndex = 0; path = mykeyboard.appex; sourceTree = BUILT_PRODUCTS_DIR; };
		AE1534D62C336AD9002EFA88 /* KeyboardViewController.swift */ = {isa = PBXFileReference; lastKnownFileType = sourcecode.swift; path = KeyboardViewController.swift; sourceTree = "<group>"; };
		AE1534D82C336AD9002EFA88 /* Info.plist */ = {isa = PBXFileReference; lastKnownFileType = text.plist.xml; path = Info.plist; sourceTree = "<group>"; };
		AE1534E52C3373CB002EFA88 /* viewkeyboard.swift */ = {isa = PBXFileReference; lastKnownFileType = sourcecode.swift; path = viewkeyboard.swift; sourceTree = "<group>"; };
		AE319E5F2C3279FA00FDFD4C /* BUTTERFLY_EFFECTApp.swift */ = {isa = PBXFileReference; lastKnownFileType = sourcecode.swift; path = BUTTERFLY_EFFECTApp.swift; sourceTree = "<group>"; };
		AE319E602C3279FA00FDFD4C /* ContentView.swift */ = {isa = PBXFileReference; lastKnownFileType = sourcecode.swift; path = ContentView.swift; sourceTree = "<group>"; };
		AE319E612C3279FD00FDFD4C /* Assets.xcassets */ = {isa = PBXFileReference; lastKnownFileType = folder.assetcatalog; path = Assets.xcassets; sourceTree = "<group>"; };
		AE319E662C3279FD00FDFD4C /* BUTTERFLY-EFFECT.app */ = {isa = PBXFileReference; explicitFileType = wrapper.application; includeInIndex = 0; path = "BUTTERFLY-EFFECT.app"; sourceTree = BUILT_PRODUCTS_DIR; };
		AE319E692C3279FD00FDFD4C /* Info.plist */ = {isa = PBXFileReference; lastKnownFileType = text.plist.xml; path = Info.plist; sourceTree = "<group>"; };
		AE319E6E2C3279FD00FDFD4C /* BUTTERFLY-EFFECT.app */ = {isa = PBXFileReference; explicitFileType = wrapper.application; includeInIndex = 0; path = "BUTTERFLY-EFFECT.app"; sourceTree = BUILT_PRODUCTS_DIR; };
		AE319E702C3279FD00FDFD4C /* Info.plist */ = {isa = PBXFileReference; lastKnownFileType = text.plist.xml; path = Info.plist; sourceTree = "<group>"; };
		AE319E712C3279FD00FDFD4C /* macOS.entitlements */ = {isa = PBXFileReference; lastKnownFileType = text.plist.entitlements; path = macOS.entitlements; sourceTree = "<group>"; };
		AE319E762C3279FD00FDFD4C /* Tests iOS.xctest */ = {isa = PBXFileReference; explicitFileType = wrapper.cfbundle; includeInIndex = 0; path = "Tests iOS.xctest"; sourceTree = BUILT_PRODUCTS_DIR; };
		AE319E7A2C3279FD00FDFD4C /* Tests_iOS.swift */ = {isa = PBXFileReference; lastKnownFileType = sourcecode.swift; path = Tests_iOS.swift; sourceTree = "<group>"; };
		AE319E7C2C3279FD00FDFD4C /* Info.plist */ = {isa = PBXFileReference; lastKnownFileType = text.plist.xml; path = Info.plist; sourceTree = "<group>"; };
		AE319E812C3279FD00FDFD4C /* Tests macOS.xctest */ = {isa = PBXFileReference; explicitFileType = wrapper.cfbundle; includeInIndex = 0; path = "Tests macOS.xctest"; sourceTree = BUILT_PRODUCTS_DIR; };
		AE319E852C3279FD00FDFD4C /* Tests_macOS.swift */ = {isa = PBXFileReference; lastKnownFileType = sourcecode.swift; path = Tests_macOS.swift; sourceTree = "<group>"; };
		AE319E872C3279FD00FDFD4C /* Info.plist */ = {isa = PBXFileReference; lastKnownFileType = text.plist.xml; path = Info.plist; sourceTree = "<group>"; };
		AE7A5E5F2C36A3830024B40C /* HomeView.swift */ = {isa = PBXFileReference; fileEncoding = 4; lastKnownFileType = sourcecode.swift; name = HomeView.swift; path = Home/HomeView.swift; sourceTree = "<group>"; };
		AECC52072C34B6BD00D18D04 /* mykeyboardRelease.entitlements */ = {isa = PBXFileReference; lastKnownFileType = text.plist.entitlements; path = mykeyboardRelease.entitlements; sourceTree = "<group>"; };
		AECC520D2C34BF7700D18D04 /* BUTTERFLY-EFFECTRelease.entitlements */ = {isa = PBXFileReference; lastKnownFileType = text.plist.entitlements; path = "BUTTERFLY-EFFECTRelease.entitlements"; sourceTree = "<group>"; };
/* End PBXFileReference section */

/* Begin PBXFrameworksBuildPhase section */
		AE1534D12C336AD9002EFA88 /* Frameworks */ = {
			isa = PBXFrameworksBuildPhase;
			buildActionMask = 2147483647;
			files = (
			);
			runOnlyForDeploymentPostprocessing = 0;
		};
		AE319E632C3279FD00FDFD4C /* Frameworks */ = {
			isa = PBXFrameworksBuildPhase;
			buildActionMask = 2147483647;
			files = (
				AE1534CB2C336416002EFA88 /* KeyboardKit in Frameworks */,
				AE319EA42C3285DB00FDFD4C /* URLImage in Frameworks */,
			);
			runOnlyForDeploymentPostprocessing = 0;
		};
		AE319E6B2C3279FD00FDFD4C /* Frameworks */ = {
			isa = PBXFrameworksBuildPhase;
			buildActionMask = 2147483647;
			files = (
			);
			runOnlyForDeploymentPostprocessing = 0;
		};
		AE319E732C3279FD00FDFD4C /* Frameworks */ = {
			isa = PBXFrameworksBuildPhase;
			buildActionMask = 2147483647;
			files = (
			);
			runOnlyForDeploymentPostprocessing = 0;
		};
		AE319E7E2C3279FD00FDFD4C /* Frameworks */ = {
			isa = PBXFrameworksBuildPhase;
			buildActionMask = 2147483647;
			files = (
			);
			runOnlyForDeploymentPostprocessing = 0;
		};
/* End PBXFrameworksBuildPhase section */

/* Begin PBXGroup section */
		AE1534D52C336AD9002EFA88 /* mykeyboard */ = {
			isa = PBXGroup;
			children = (
				AECC52072C34B6BD00D18D04 /* mykeyboardRelease.entitlements */,
				AE1534D62C336AD9002EFA88 /* KeyboardViewController.swift */,
				AE1534D82C336AD9002EFA88 /* Info.plist */,
				AE1534E52C3373CB002EFA88 /* viewkeyboard.swift */,
			);
			path = mykeyboard;
			sourceTree = "<group>";
		};
		AE319E592C3279FA00FDFD4C = {
			isa = PBXGroup;
			children = (
				AECC520D2C34BF7700D18D04 /* BUTTERFLY-EFFECTRelease.entitlements */,
				AE319E5E2C3279FA00FDFD4C /* Shared */,
				AE319E682C3279FD00FDFD4C /* iOS */,
				AE319E6F2C3279FD00FDFD4C /* macOS */,
				AE319E792C3279FD00FDFD4C /* Tests iOS */,
				AE319E842C3279FD00FDFD4C /* Tests macOS */,
				AE1534D52C336AD9002EFA88 /* mykeyboard */,
				AE319E672C3279FD00FDFD4C /* Products */,
			);
			sourceTree = "<group>";
		};
		AE319E5E2C3279FA00FDFD4C /* Shared */ = {
			isa = PBXGroup;
			children = (
				AE7A5E5F2C36A3830024B40C /* HomeView.swift */,
				AE319E5F2C3279FA00FDFD4C /* BUTTERFLY_EFFECTApp.swift */,
				AE319E602C3279FA00FDFD4C /* ContentView.swift */,
				AE319E612C3279FD00FDFD4C /* Assets.xcassets */,
			);
			path = Shared;
			sourceTree = "<group>";
		};
		AE319E672C3279FD00FDFD4C /* Products */ = {
			isa = PBXGroup;
			children = (
				AE319E662C3279FD00FDFD4C /* BUTTERFLY-EFFECT.app */,
				AE319E6E2C3279FD00FDFD4C /* BUTTERFLY-EFFECT.app */,
				AE319E762C3279FD00FDFD4C /* Tests iOS.xctest */,
				AE319E812C3279FD00FDFD4C /* Tests macOS.xctest */,
				AE1534D42C336AD9002EFA88 /* mykeyboard.appex */,
			);
			name = Products;
			sourceTree = "<group>";
		};
		AE319E682C3279FD00FDFD4C /* iOS */ = {
			isa = PBXGroup;
			children = (
				AE319E692C3279FD00FDFD4C /* Info.plist */,
			);
			path = iOS;
			sourceTree = "<group>";
		};
		AE319E6F2C3279FD00FDFD4C /* macOS */ = {
			isa = PBXGroup;
			children = (
				AE319E702C3279FD00FDFD4C /* Info.plist */,
				AE319E712C3279FD00FDFD4C /* macOS.entitlements */,
			);
			path = macOS;
			sourceTree = "<group>";
		};
		AE319E792C3279FD00FDFD4C /* Tests iOS */ = {
			isa = PBXGroup;
			children = (
				AE319E7A2C3279FD00FDFD4C /* Tests_iOS.swift */,
				AE319E7C2C3279FD00FDFD4C /* Info.plist */,
			);
			path = "Tests iOS";
			sourceTree = "<group>";
		};
		AE319E842C3279FD00FDFD4C /* Tests macOS */ = {
			isa = PBXGroup;
			children = (
				AE319E852C3279FD00FDFD4C /* Tests_macOS.swift */,
				AE319E872C3279FD00FDFD4C /* Info.plist */,
			);
			path = "Tests macOS";
			sourceTree = "<group>";
		};
/* End PBXGroup section */

/* Begin PBXNativeTarget section */
		AE1534D32C336AD9002EFA88 /* mykeyboard */ = {
			isa = PBXNativeTarget;
			buildConfigurationList = AE1534DC2C336AD9002EFA88 /* Build configuration list for PBXNativeTarget "mykeyboard" */;
			buildPhases = (
				AE1534D02C336AD9002EFA88 /* Sources */,
				AE1534D12C336AD9002EFA88 /* Frameworks */,
				AE1534D22C336AD9002EFA88 /* Resources */,
			);
			buildRules = (
			);
			dependencies = (
			);
			name = mykeyboard;
			productName = mykeyboard;
			productReference = AE1534D42C336AD9002EFA88 /* mykeyboard.appex */;
			productType = "com.apple.product-type.app-extension";
		};
		AE319E652C3279FD00FDFD4C /* BUTTERFLY-EFFECT (iOS) */ = {
			isa = PBXNativeTarget;
			buildConfigurationList = AE319E902C3279FD00FDFD4C /* Build configuration list for PBXNativeTarget "BUTTERFLY-EFFECT (iOS)" */;
			buildPhases = (
				AE319E622C3279FD00FDFD4C /* Sources */,
				AE319E632C3279FD00FDFD4C /* Frameworks */,
				AE319E642C3279FD00FDFD4C /* Resources */,
				AE1534DF2C336AD9002EFA88 /* Embed App Extensions */,
			);
			buildRules = (
			);
			dependencies = (
				AE1534DA2C336AD9002EFA88 /* PBXTargetDependency */,
			);
			name = "BUTTERFLY-EFFECT (iOS)";
			packageProductDependencies = (
				AE319EA32C3285DB00FDFD4C /* URLImage */,
				AE1534CA2C336416002EFA88 /* KeyboardKit */,
			);
			productName = "BUTTERFLY-EFFECT (iOS)";
			productReference = AE319E662C3279FD00FDFD4C /* BUTTERFLY-EFFECT.app */;
			productType = "com.apple.product-type.application";
		};
		AE319E6D2C3279FD00FDFD4C /* BUTTERFLY-EFFECT (macOS) */ = {
			isa = PBXNativeTarget;
			buildConfigurationList = AE319E932C3279FD00FDFD4C /* Build configuration list for PBXNativeTarget "BUTTERFLY-EFFECT (macOS)" */;
			buildPhases = (
				AE319E6A2C3279FD00FDFD4C /* Sources */,
				AE319E6B2C3279FD00FDFD4C /* Frameworks */,
				AE319E6C2C3279FD00FDFD4C /* Resources */,
			);
			buildRules = (
			);
			dependencies = (
			);
			name = "BUTTERFLY-EFFECT (macOS)";
			productName = "BUTTERFLY-EFFECT (macOS)";
			productReference = AE319E6E2C3279FD00FDFD4C /* BUTTERFLY-EFFECT.app */;
			productType = "com.apple.product-type.application";
		};
		AE319E752C3279FD00FDFD4C /* Tests iOS */ = {
			isa = PBXNativeTarget;
			buildConfigurationList = AE319E962C3279FD00FDFD4C /* Build configuration list for PBXNativeTarget "Tests iOS" */;
			buildPhases = (
				AE319E722C3279FD00FDFD4C /* Sources */,
				AE319E732C3279FD00FDFD4C /* Frameworks */,
				AE319E742C3279FD00FDFD4C /* Resources */,
			);
			buildRules = (
			);
			dependencies = (
				AE319E782C3279FD00FDFD4C /* PBXTargetDependency */,
			);
			name = "Tests iOS";
			productName = "Tests iOS";
			productReference = AE319E762C3279FD00FDFD4C /* Tests iOS.xctest */;
			productType = "com.apple.product-type.bundle.ui-testing";
		};
		AE319E802C3279FD00FDFD4C /* Tests macOS */ = {
			isa = PBXNativeTarget;
			buildConfigurationList = AE319E992C3279FD00FDFD4C /* Build configuration list for PBXNativeTarget "Tests macOS" */;
			buildPhases = (
				AE319E7D2C3279FD00FDFD4C /* Sources */,
				AE319E7E2C3279FD00FDFD4C /* Frameworks */,
				AE319E7F2C3279FD00FDFD4C /* Resources */,
			);
			buildRules = (
			);
			dependencies = (
				AE319E832C3279FD00FDFD4C /* PBXTargetDependency */,
			);
			name = "Tests macOS";
			productName = "Tests macOS";
			productReference = AE319E812C3279FD00FDFD4C /* Tests macOS.xctest */;
			productType = "com.apple.product-type.bundle.ui-testing";
		};
/* End PBXNativeTarget section */

/* Begin PBXProject section */
		AE319E5A2C3279FA00FDFD4C /* Project object */ = {
			isa = PBXProject;
			attributes = {
				LastSwiftUpdateCheck = 1240;
				LastUpgradeCheck = 1240;
				TargetAttributes = {
					AE1534D32C336AD9002EFA88 = {
						CreatedOnToolsVersion = 12.4;
					};
					AE319E652C3279FD00FDFD4C = {
						CreatedOnToolsVersion = 12.4;
					};
					AE319E6D2C3279FD00FDFD4C = {
						CreatedOnToolsVersion = 12.4;
					};
					AE319E752C3279FD00FDFD4C = {
						CreatedOnToolsVersion = 12.4;
						TestTargetID = AE319E652C3279FD00FDFD4C;
					};
					AE319E802C3279FD00FDFD4C = {
						CreatedOnToolsVersion = 12.4;
						TestTargetID = AE319E6D2C3279FD00FDFD4C;
					};
				};
			};
			buildConfigurationList = AE319E5D2C3279FA00FDFD4C /* Build configuration list for PBXProject "BUTTERFLY-EFFECT" */;
			compatibilityVersion = "Xcode 9.3";
			developmentRegion = en;
			hasScannedForEncodings = 0;
			knownRegions = (
				en,
				Base,
			);
			mainGroup = AE319E592C3279FA00FDFD4C;
			packageReferences = (
				AE319EA02C3285DB00FDFD4C /* XCRemoteSwiftPackageReference "url-image" */,
				AE1534C92C336416002EFA88 /* XCRemoteSwiftPackageReference "KeyboardKit" */,
			);
			productRefGroup = AE319E672C3279FD00FDFD4C /* Products */;
			projectDirPath = "";
			projectRoot = "";
			targets = (
				AE319E652C3279FD00FDFD4C /* BUTTERFLY-EFFECT (iOS) */,
				AE319E6D2C3279FD00FDFD4C /* BUTTERFLY-EFFECT (macOS) */,
				AE319E752C3279FD00FDFD4C /* Tests iOS */,
				AE319E802C3279FD00FDFD4C /* Tests macOS */,
				AE1534D32C336AD9002EFA88 /* mykeyboard */,
			);
		};
/* End PBXProject section */

/* Begin PBXResourcesBuildPhase section */
		AE1534D22C336AD9002EFA88 /* Resources */ = {
			isa = PBXResourcesBuildPhase;
			buildActionMask = 2147483647;
			files = (
				AEC52D8E2C35163700DC904E /* Assets.xcassets in Resources */,
			);
			runOnlyForDeploymentPostprocessing = 0;
		};
		AE319E642C3279FD00FDFD4C /* Resources */ = {
			isa = PBXResourcesBuildPhase;
			buildActionMask = 2147483647;
			files = (
				AE319E8C2C3279FD00FDFD4C /* Assets.xcassets in Resources */,
			);
			runOnlyForDeploymentPostprocessing = 0;
		};
		AE319E6C2C3279FD00FDFD4C /* Resources */ = {
			isa = PBXResourcesBuildPhase;
			buildActionMask = 2147483647;
			files = (
				AE319E8D2C3279FD00FDFD4C /* Assets.xcassets in Resources */,
			);
			runOnlyForDeploymentPostprocessing = 0;
		};
		AE319E742C3279FD00FDFD4C /* Resources */ = {
			isa = PBXResourcesBuildPhase;
			buildActionMask = 2147483647;
			files = (
			);
			runOnlyForDeploymentPostprocessing = 0;
		};
		AE319E7F2C3279FD00FDFD4C /* Resources */ = {
			isa = PBXResourcesBuildPhase;
			buildActionMask = 2147483647;
			files = (
			);
			runOnlyForDeploymentPostprocessing = 0;
		};
/* End PBXResourcesBuildPhase section */

/* Begin PBXSourcesBuildPhase section */
		AE1534D02C336AD9002EFA88 /* Sources */ = {
			isa = PBXSourcesBuildPhase;
			buildActionMask = 2147483647;
			files = (
				AE1534D72C336AD9002EFA88 /* KeyboardViewController.swift in Sources */,
				AE7A5E772C36A4680024B40C /* HomeView.swift in Sources */,
				AEC52D7E2C350AC400DC904E /* ContentView.swift in Sources */,
				AE1534E62C3373CB002EFA88 /* viewkeyboard.swift in Sources */,
			);
			runOnlyForDeploymentPostprocessing = 0;
		};
		AE319E622C3279FD00FDFD4C /* Sources */ = {
			isa = PBXSourcesBuildPhase;
			buildActionMask = 2147483647;
			files = (
				AE1534EC2C3374EC002EFA88 /* viewkeyboard.swift in Sources */,
				AE1535292C3384C6002EFA88 /* KeyboardViewController.swift in Sources */,
				AE15352F2C3384CF002EFA88 /* BUTTERFLY_EFFECTApp.swift in Sources */,
				AE7A5E602C36A3830024B40C /* HomeView.swift in Sources */,
				AE319E8A2C3279FD00FDFD4C /* ContentView.swift in Sources */,
			);
			runOnlyForDeploymentPostprocessing = 0;
		};
		AE319E6A2C3279FD00FDFD4C /* Sources */ = {
			isa = PBXSourcesBuildPhase;
			buildActionMask = 2147483647;
			files = (
				AE1534F22C3374F3002EFA88 /* viewkeyboard.swift in Sources */,
				AE319E8B2C3279FD00FDFD4C /* ContentView.swift in Sources */,
			);
			runOnlyForDeploymentPostprocessing = 0;
		};
		AE319E722C3279FD00FDFD4C /* Sources */ = {
			isa = PBXSourcesBuildPhase;
			buildActionMask = 2147483647;
			files = (
				AE319E7B2C3279FD00FDFD4C /* Tests_iOS.swift in Sources */,
			);
			runOnlyForDeploymentPostprocessing = 0;
		};
		AE319E7D2C3279FD00FDFD4C /* Sources */ = {
			isa = PBXSourcesBuildPhase;
			buildActionMask = 2147483647;
			files = (
				AE319E862C3279FD00FDFD4C /* Tests_macOS.swift in Sources */,
			);
			runOnlyForDeploymentPostprocessing = 0;
		};
/* End PBXSourcesBuildPhase section */

/* Begin PBXTargetDependency section */
		AE1534DA2C336AD9002EFA88 /* PBXTargetDependency */ = {
			isa = PBXTargetDependency;
			target = AE1534D32C336AD9002EFA88 /* mykeyboard */;
			targetProxy = AE1534D92C336AD9002EFA88 /* PBXContainerItemProxy */;
		};
		AE319E782C3279FD00FDFD4C /* PBXTargetDependency */ = {
			isa = PBXTargetDependency;
			target = AE319E652C3279FD00FDFD4C /* BUTTERFLY-EFFECT (iOS) */;
			targetProxy = AE319E772C3279FD00FDFD4C /* PBXContainerItemProxy */;
		};
		AE319E832C3279FD00FDFD4C /* PBXTargetDependency */ = {
			isa = PBXTargetDependency;
			target = AE319E6D2C3279FD00FDFD4C /* BUTTERFLY-EFFECT (macOS) */;
			targetProxy = AE319E822C3279FD00FDFD4C /* PBXContainerItemProxy */;
		};
/* End PBXTargetDependency section */

/* Begin XCBuildConfiguration section */
		AE1534DD2C336AD9002EFA88 /* Debug */ = {
			isa = XCBuildConfiguration;
			buildSettings = {
				CODE_SIGN_STYLE = Automatic;
				INFOPLIST_FILE = mykeyboard/Info.plist;
				IPHONEOS_DEPLOYMENT_TARGET = 14.4;
				LD_RUNPATH_SEARCH_PATHS = (
					"$(inherited)",
					"@executable_path/Frameworks",
					"@executable_path/../../Frameworks",
				);
				PRODUCT_BUNDLE_IDENTIFIER = "com.BUTTERFLY-EFFECT.BUTTERFLY-EFFECT.mykeyboard";
				PRODUCT_NAME = "$(TARGET_NAME)";
				SDKROOT = iphoneos;
				SKIP_INSTALL = YES;
				SWIFT_VERSION = 5.0;
				TARGETED_DEVICE_FAMILY = "1,2";
			};
			name = Debug;
		};
		AE1534DE2C336AD9002EFA88 /* Release */ = {
			isa = XCBuildConfiguration;
			buildSettings = {
				CODE_SIGN_ENTITLEMENTS = mykeyboard/mykeyboardRelease.entitlements;
				CODE_SIGN_STYLE = Automatic;
				INFOPLIST_FILE = mykeyboard/Info.plist;
				IPHONEOS_DEPLOYMENT_TARGET = 14.4;
				LD_RUNPATH_SEARCH_PATHS = (
					"$(inherited)",
					"@executable_path/Frameworks",
					"@executable_path/../../Frameworks",
				);
				PRODUCT_BUNDLE_IDENTIFIER = "com.BUTTERFLY-EFFECT.BUTTERFLY-EFFECT.mykeyboard";
				PRODUCT_NAME = "$(TARGET_NAME)";
				SDKROOT = iphoneos;
				SKIP_INSTALL = YES;
				SWIFT_VERSION = 5.0;
				TARGETED_DEVICE_FAMILY = "1,2";
				VALIDATE_PRODUCT = YES;
			};
			name = Release;
		};
		AE319E8E2C3279FD00FDFD4C /* Debug */ = {
			isa = XCBuildConfiguration;
			buildSettings = {
				ALWAYS_SEARCH_USER_PATHS = NO;
				CLANG_ANALYZER_NONNULL = YES;
				CLANG_ANALYZER_NUMBER_OBJECT_CONVERSION = YES_AGGRESSIVE;
				CLANG_CXX_LANGUAGE_STANDARD = "gnu++14";
				CLANG_CXX_LIBRARY = "libc++";
				CLANG_ENABLE_MODULES = YES;
				CLANG_ENABLE_OBJC_ARC = YES;
				CLANG_ENABLE_OBJC_WEAK = YES;
				CLANG_WARN_BLOCK_CAPTURE_AUTORELEASING = YES;
				CLANG_WARN_BOOL_CONVERSION = YES;
				CLANG_WARN_COMMA = YES;
				CLANG_WARN_CONSTANT_CONVERSION = YES;
				CLANG_WARN_DEPRECATED_OBJC_IMPLEMENTATIONS = YES;
				CLANG_WARN_DIRECT_OBJC_ISA_USAGE = YES_ERROR;
				CLANG_WARN_DOCUMENTATION_COMMENTS = YES;
				CLANG_WARN_EMPTY_BODY = YES;
				CLANG_WARN_ENUM_CONVERSION = YES;
				CLANG_WARN_INFINITE_RECURSION = YES;
				CLANG_WARN_INT_CONVERSION = YES;
				CLANG_WARN_NON_LITERAL_NULL_CONVERSION = YES;
				CLANG_WARN_OBJC_IMPLICIT_RETAIN_SELF = YES;
				CLANG_WARN_OBJC_LITERAL_CONVERSION = YES;
				CLANG_WARN_OBJC_ROOT_CLASS = YES_ERROR;
				CLANG_WARN_QUOTED_INCLUDE_IN_FRAMEWORK_HEADER = YES;
				CLANG_WARN_RANGE_LOOP_ANALYSIS = YES;
				CLANG_WARN_STRICT_PROTOTYPES = YES;
				CLANG_WARN_SUSPICIOUS_MOVE = YES;
				CLANG_WARN_UNGUARDED_AVAILABILITY = YES_AGGRESSIVE;
				CLANG_WARN_UNREACHABLE_CODE = YES;
				CLANG_WARN__DUPLICATE_METHOD_MATCH = YES;
				COPY_PHASE_STRIP = NO;
				DEBUG_INFORMATION_FORMAT = dwarf;
				ENABLE_STRICT_OBJC_MSGSEND = YES;
				ENABLE_TESTABILITY = YES;
				GCC_C_LANGUAGE_STANDARD = gnu11;
				GCC_DYNAMIC_NO_PIC = NO;
				GCC_NO_COMMON_BLOCKS = YES;
				GCC_OPTIMIZATION_LEVEL = 0;
				GCC_PREPROCESSOR_DEFINITIONS = (
					"DEBUG=1",
					"$(inherited)",
				);
				GCC_WARN_64_TO_32_BIT_CONVERSION = YES;
				GCC_WARN_ABOUT_RETURN_TYPE = YES_ERROR;
				GCC_WARN_UNDECLARED_SELECTOR = YES;
				GCC_WARN_UNINITIALIZED_AUTOS = YES_AGGRESSIVE;
				GCC_WARN_UNUSED_FUNCTION = YES;
				GCC_WARN_UNUSED_VARIABLE = YES;
				MTL_ENABLE_DEBUG_INFO = INCLUDE_SOURCE;
				MTL_FAST_MATH = YES;
				ONLY_ACTIVE_ARCH = YES;
				SWIFT_ACTIVE_COMPILATION_CONDITIONS = DEBUG;
				SWIFT_OPTIMIZATION_LEVEL = "-Onone";
			};
			name = Debug;
		};
		AE319E8F2C3279FD00FDFD4C /* Release */ = {
			isa = XCBuildConfiguration;
			buildSettings = {
				ALWAYS_SEARCH_USER_PATHS = NO;
				CLANG_ANALYZER_NONNULL = YES;
				CLANG_ANALYZER_NUMBER_OBJECT_CONVERSION = YES_AGGRESSIVE;
				CLANG_CXX_LANGUAGE_STANDARD = "gnu++14";
				CLANG_CXX_LIBRARY = "libc++";
				CLANG_ENABLE_MODULES = YES;
				CLANG_ENABLE_OBJC_ARC = YES;
				CLANG_ENABLE_OBJC_WEAK = YES;
				CLANG_WARN_BLOCK_CAPTURE_AUTORELEASING = YES;
				CLANG_WARN_BOOL_CONVERSION = YES;
				CLANG_WARN_COMMA = YES;
				CLANG_WARN_CONSTANT_CONVERSION = YES;
				CLANG_WARN_DEPRECATED_OBJC_IMPLEMENTATIONS = YES;
				CLANG_WARN_DIRECT_OBJC_ISA_USAGE = YES_ERROR;
				CLANG_WARN_DOCUMENTATION_COMMENTS = YES;
				CLANG_WARN_EMPTY_BODY = YES;
				CLANG_WARN_ENUM_CONVERSION = YES;
				CLANG_WARN_INFINITE_RECURSION = YES;
				CLANG_WARN_INT_CONVERSION = YES;
				CLANG_WARN_NON_LITERAL_NULL_CONVERSION = YES;
				CLANG_WARN_OBJC_IMPLICIT_RETAIN_SELF = YES;
				CLANG_WARN_OBJC_LITERAL_CONVERSION = YES;
				CLANG_WARN_OBJC_ROOT_CLASS = YES_ERROR;
				CLANG_WARN_QUOTED_INCLUDE_IN_FRAMEWORK_HEADER = YES;
				CLANG_WARN_RANGE_LOOP_ANALYSIS = YES;
				CLANG_WARN_STRICT_PROTOTYPES = YES;
				CLANG_WARN_SUSPICIOUS_MOVE = YES;
				CLANG_WARN_UNGUARDED_AVAILABILITY = YES_AGGRESSIVE;
				CLANG_WARN_UNREACHABLE_CODE = YES;
				CLANG_WARN__DUPLICATE_METHOD_MATCH = YES;
				COPY_PHASE_STRIP = NO;
				DEBUG_INFORMATION_FORMAT = "dwarf-with-dsym";
				ENABLE_NS_ASSERTIONS = NO;
				ENABLE_STRICT_OBJC_MSGSEND = YES;
				GCC_C_LANGUAGE_STANDARD = gnu11;
				GCC_NO_COMMON_BLOCKS = YES;
				GCC_WARN_64_TO_32_BIT_CONVERSION = YES;
				GCC_WARN_ABOUT_RETURN_TYPE = YES_ERROR;
				GCC_WARN_UNDECLARED_SELECTOR = YES;
				GCC_WARN_UNINITIALIZED_AUTOS = YES_AGGRESSIVE;
				GCC_WARN_UNUSED_FUNCTION = YES;
				GCC_WARN_UNUSED_VARIABLE = YES;
				MTL_ENABLE_DEBUG_INFO = NO;
				MTL_FAST_MATH = YES;
				SWIFT_COMPILATION_MODE = wholemodule;
				SWIFT_OPTIMIZATION_LEVEL = "-O";
			};
			name = Release;
		};
		AE319E912C3279FD00FDFD4C /* Debug */ = {
			isa = XCBuildConfiguration;
			buildSettings = {
				ALWAYS_EMBED_SWIFT_STANDARD_LIBRARIES = YES;
				ASSETCATALOG_COMPILER_APPICON_NAME = AppIcon;
				ASSETCATALOG_COMPILER_GLOBAL_ACCENT_COLOR_NAME = AccentColor;
				CODE_SIGN_STYLE = Automatic;
				ENABLE_PREVIEWS = YES;
				INFOPLIST_FILE = iOS/Info.plist;
				IPHONEOS_DEPLOYMENT_TARGET = 14.0;
				LD_RUNPATH_SEARCH_PATHS = (
					"$(inherited)",
					"@executable_path/Frameworks",
				);
				PRODUCT_BUNDLE_IDENTIFIER = "com.BUTTERFLY-EFFECT.BUTTERFLY-EFFECT";
				PRODUCT_NAME = "BUTTERFLY-EFFECT";
				SDKROOT = iphoneos;
				SWIFT_VERSION = 5.0;
				TARGETED_DEVICE_FAMILY = "1,2";
			};
			name = Debug;
		};
		AE319E922C3279FD00FDFD4C /* Release */ = {
			isa = XCBuildConfiguration;
			buildSettings = {
				ALWAYS_EMBED_SWIFT_STANDARD_LIBRARIES = YES;
				ASSETCATALOG_COMPILER_APPICON_NAME = AppIcon;
				ASSETCATALOG_COMPILER_GLOBAL_ACCENT_COLOR_NAME = AccentColor;
				CODE_SIGN_ENTITLEMENTS = "BUTTERFLY-EFFECTRelease.entitlements";
				CODE_SIGN_IDENTITY = "Apple Development";
				CODE_SIGN_STYLE = Automatic;
				DEVELOPMENT_TEAM = "";
				ENABLE_PREVIEWS = YES;
				INFOPLIST_FILE = iOS/Info.plist;
				IPHONEOS_DEPLOYMENT_TARGET = 14.0;
				LD_RUNPATH_SEARCH_PATHS = (
					"$(inherited)",
					"@executable_path/Frameworks",
				);
				PRODUCT_BUNDLE_IDENTIFIER = "com.BUTTERFLY-EFFECT.BUTTERFLY-EFFECT";
				PRODUCT_NAME = "BUTTERFLY-EFFECT";
				PROVISIONING_PROFILE_SPECIFIER = "";
				SDKROOT = iphoneos;
				SWIFT_VERSION = 5.0;
				TARGETED_DEVICE_FAMILY = "1,2";
				VALIDATE_PRODUCT = YES;
			};
			name = Release;
		};
		AE319E942C3279FD00FDFD4C /* Debug */ = {
			isa = XCBuildConfiguration;
			buildSettings = {
				ASSETCATALOG_COMPILER_APPICON_NAME = AppIcon;
				ASSETCATALOG_COMPILER_GLOBAL_ACCENT_COLOR_NAME = AccentColor;
				CODE_SIGN_ENTITLEMENTS = macOS/macOS.entitlements;
				CODE_SIGN_STYLE = Automatic;
				COMBINE_HIDPI_IMAGES = YES;
				ENABLE_PREVIEWS = YES;
				INFOPLIST_FILE = macOS/Info.plist;
				LD_RUNPATH_SEARCH_PATHS = (
					"$(inherited)",
					"@executable_path/../Frameworks",
				);
				MACOSX_DEPLOYMENT_TARGET = 11.0;
				PRODUCT_BUNDLE_IDENTIFIER = "com.BUTTERFLY-EFFECT.BUTTERFLY-EFFECT";
				PRODUCT_NAME = "BUTTERFLY-EFFECT";
				SDKROOT = macosx;
				SWIFT_VERSION = 5.0;
			};
			name = Debug;
		};
		AE319E952C3279FD00FDFD4C /* Release */ = {
			isa = XCBuildConfiguration;
			buildSettings = {
				ASSETCATALOG_COMPILER_APPICON_NAME = AppIcon;
				ASSETCATALOG_COMPILER_GLOBAL_ACCENT_COLOR_NAME = AccentColor;
				CODE_SIGN_ENTITLEMENTS = macOS/macOS.entitlements;
				CODE_SIGN_STYLE = Automatic;
				COMBINE_HIDPI_IMAGES = YES;
				ENABLE_PREVIEWS = YES;
				INFOPLIST_FILE = macOS/Info.plist;
				LD_RUNPATH_SEARCH_PATHS = (
					"$(inherited)",
					"@executable_path/../Frameworks",
				);
				MACOSX_DEPLOYMENT_TARGET = 11.0;
				PRODUCT_BUNDLE_IDENTIFIER = "com.BUTTERFLY-EFFECT.BUTTERFLY-EFFECT";
				PRODUCT_NAME = "BUTTERFLY-EFFECT";
				SDKROOT = macosx;
				SWIFT_VERSION = 5.0;
			};
			name = Release;
		};
		AE319E972C3279FD00FDFD4C /* Debug */ = {
			isa = XCBuildConfiguration;
			buildSettings = {
				ALWAYS_EMBED_SWIFT_STANDARD_LIBRARIES = YES;
				CODE_SIGN_STYLE = Automatic;
				INFOPLIST_FILE = "Tests iOS/Info.plist";
				IPHONEOS_DEPLOYMENT_TARGET = 14.4;
				LD_RUNPATH_SEARCH_PATHS = (
					"$(inherited)",
					"@executable_path/Frameworks",
					"@loader_path/Frameworks",
				);
				PRODUCT_BUNDLE_IDENTIFIER = "com.BUTTERFLY-EFFECT.Tests-iOS";
				PRODUCT_NAME = "$(TARGET_NAME)";
				SDKROOT = iphoneos;
				SWIFT_VERSION = 5.0;
				TARGETED_DEVICE_FAMILY = "1,2";
				TEST_TARGET_NAME = "BUTTERFLY-EFFECT (iOS)";
			};
			name = Debug;
		};
		AE319E982C3279FD00FDFD4C /* Release */ = {
			isa = XCBuildConfiguration;
			buildSettings = {
				ALWAYS_EMBED_SWIFT_STANDARD_LIBRARIES = YES;
				CODE_SIGN_STYLE = Automatic;
				INFOPLIST_FILE = "Tests iOS/Info.plist";
				IPHONEOS_DEPLOYMENT_TARGET = 14.4;
				LD_RUNPATH_SEARCH_PATHS = (
					"$(inherited)",
					"@executable_path/Frameworks",
					"@loader_path/Frameworks",
				);
				PRODUCT_BUNDLE_IDENTIFIER = "com.BUTTERFLY-EFFECT.Tests-iOS";
				PRODUCT_NAME = "$(TARGET_NAME)";
				SDKROOT = iphoneos;
				SWIFT_VERSION = 5.0;
				TARGETED_DEVICE_FAMILY = "1,2";
				TEST_TARGET_NAME = "BUTTERFLY-EFFECT (iOS)";
				VALIDATE_PRODUCT = YES;
			};
			name = Release;
		};
		AE319E9A2C3279FD00FDFD4C /* Debug */ = {
			isa = XCBuildConfiguration;
			buildSettings = {
				ALWAYS_EMBED_SWIFT_STANDARD_LIBRARIES = YES;
				CODE_SIGN_STYLE = Automatic;
				COMBINE_HIDPI_IMAGES = YES;
				INFOPLIST_FILE = "Tests macOS/Info.plist";
				LD_RUNPATH_SEARCH_PATHS = (
					"$(inherited)",
					"@executable_path/../Frameworks",
					"@loader_path/../Frameworks",
				);
				MACOSX_DEPLOYMENT_TARGET = 10.15;
				PRODUCT_BUNDLE_IDENTIFIER = "com.BUTTERFLY-EFFECT.Tests-macOS";
				PRODUCT_NAME = "$(TARGET_NAME)";
				SDKROOT = macosx;
				SWIFT_VERSION = 5.0;
				TEST_TARGET_NAME = "BUTTERFLY-EFFECT (macOS)";
			};
			name = Debug;
		};
		AE319E9B2C3279FD00FDFD4C /* Release */ = {
			isa = XCBuildConfiguration;
			buildSettings = {
				ALWAYS_EMBED_SWIFT_STANDARD_LIBRARIES = YES;
				CODE_SIGN_STYLE = Automatic;
				COMBINE_HIDPI_IMAGES = YES;
				INFOPLIST_FILE = "Tests macOS/Info.plist";
				LD_RUNPATH_SEARCH_PATHS = (
					"$(inherited)",
					"@executable_path/../Frameworks",
					"@loader_path/../Frameworks",
				);
				MACOSX_DEPLOYMENT_TARGET = 10.15;
				PRODUCT_BUNDLE_IDENTIFIER = "com.BUTTERFLY-EFFECT.Tests-macOS";
				PRODUCT_NAME = "$(TARGET_NAME)";
				SDKROOT = macosx;
				SWIFT_VERSION = 5.0;
				TEST_TARGET_NAME = "BUTTERFLY-EFFECT (macOS)";
			};
			name = Release;
		};
/* End XCBuildConfiguration section */

/* Begin XCConfigurationList section */
		AE1534DC2C336AD9002EFA88 /* Build configuration list for PBXNativeTarget "mykeyboard" */ = {
			isa = XCConfigurationList;
			buildConfigurations = (
				AE1534DD2C336AD9002EFA88 /* Debug */,
				AE1534DE2C336AD9002EFA88 /* Release */,
			);
			defaultConfigurationIsVisible = 0;
			defaultConfigurationName = Release;
		};
		AE319E5D2C3279FA00FDFD4C /* Build configuration list for PBXProject "BUTTERFLY-EFFECT" */ = {
			isa = XCConfigurationList;
			buildConfigurations = (
				AE319E8E2C3279FD00FDFD4C /* Debug */,
				AE319E8F2C3279FD00FDFD4C /* Release */,
			);
			defaultConfigurationIsVisible = 0;
			defaultConfigurationName = Release;
		};
		AE319E902C3279FD00FDFD4C /* Build configuration list for PBXNativeTarget "BUTTERFLY-EFFECT (iOS)" */ = {
			isa = XCConfigurationList;
			buildConfigurations = (
				AE319E912C3279FD00FDFD4C /* Debug */,
				AE319E922C3279FD00FDFD4C /* Release */,
			);
			defaultConfigurationIsVisible = 0;
			defaultConfigurationName = Release;
		};
		AE319E932C3279FD00FDFD4C /* Build configuration list for PBXNativeTarget "BUTTERFLY-EFFECT (macOS)" */ = {
			isa = XCConfigurationList;
			buildConfigurations = (
				AE319E942C3279FD00FDFD4C /* Debug */,
				AE319E952C3279FD00FDFD4C /* Release */,
			);
			defaultConfigurationIsVisible = 0;
			defaultConfigurationName = Release;
		};
		AE319E962C3279FD00FDFD4C /* Build configuration list for PBXNativeTarget "Tests iOS" */ = {
			isa = XCConfigurationList;
			buildConfigurations = (
				AE319E972C3279FD00FDFD4C /* Debug */,
				AE319E982C3279FD00FDFD4C /* Release */,
			);
			defaultConfigurationIsVisible = 0;
			defaultConfigurationName = Release;
		};
		AE319E992C3279FD00FDFD4C /* Build configuration list for PBXNativeTarget "Tests macOS" */ = {
			isa = XCConfigurationList;
			buildConfigurations = (
				AE319E9A2C3279FD00FDFD4C /* Debug */,
				AE319E9B2C3279FD00FDFD4C /* Release */,
			);
			defaultConfigurationIsVisible = 0;
			defaultConfigurationName = Release;
		};
/* End XCConfigurationList section */

/* Begin XCRemoteSwiftPackageReference section */
		AE1534C92C336416002EFA88 /* XCRemoteSwiftPackageReference "KeyboardKit" */ = {
			isa = XCRemoteSwiftPackageReference;
			repositoryURL = "https://github.com/KeyboardKit/KeyboardKit";
			requirement = {
				kind = upToNextMajorVersion;
				minimumVersion = 4.0.0;
			};
		};
		AE319EA02C3285DB00FDFD4C /* XCRemoteSwiftPackageReference "url-image" */ = {
			isa = XCRemoteSwiftPackageReference;
			repositoryURL = "https://github.com/dmytro-anokhin/url-image";
			requirement = {
				kind = upToNextMajorVersion;
				minimumVersion = 3.1.1;
			};
		};
/* End XCRemoteSwiftPackageReference section */

/* Begin XCSwiftPackageProductDependency section */
		AE1534CA2C336416002EFA88 /* KeyboardKit */ = {
			isa = XCSwiftPackageProductDependency;
			package = AE1534C92C336416002EFA88 /* XCRemoteSwiftPackageReference "KeyboardKit" */;
			productName = KeyboardKit;
		};
		AE319EA32C3285DB00FDFD4C /* URLImage */ = {
			isa = XCSwiftPackageProductDependency;
			package = AE319EA02C3285DB00FDFD4C /* XCRemoteSwiftPackageReference "url-image" */;
			productName = URLImage;
		};
/* End XCSwiftPackageProductDependency section */
	};
	rootObject = AE319E5A2C3279FA00FDFD4C /* Project object */;
}
